
Microsoft Visual Studio Solution File, Format Version 12.00
# Visual Studio Version 17
VisualStudioVersion = 17.9.34701.34
MinimumVisualStudioVersion = 10.0.40219.1
Project("{00D1A9C2-B5F0-4AF3-8072-F6C62B433612}") = "namasdev.Apps.Database", "namasdev.Apps.Database\namasdev.Apps.Database.sqlproj", "{5CF50807-8AF8-47C7-8AC6-2F104B2476A0}"
EndProject
Project("{FAE04EC0-301F-11D3-BF4B-00C04F79EFBC}") = "namasdev.Apps.Entidades", "namasdev.Apps.Entidades\namasdev.Apps.Entidades.csproj", "{ADA0F135-ED63-47AC-934A-87B430EFD1E7}"
EndProject
Project("{FAE04EC0-301F-11D3-BF4B-00C04F79EFBC}") = "namasdev.Apps.Datos", "namasdev.Apps.Datos\namasdev.Apps.Datos.csproj", "{6D4A80D7-7066-4545-8969-1DB7ED82A199}"
EndProject
Project("{FAE04EC0-301F-11D3-BF4B-00C04F79EFBC}") = "namasdev.Apps.Negocio", "namasdev.Apps.Negocio\namasdev.Apps.Negocio.csproj", "{BC06215F-AF55-4FD9-A3CC-FAC90E9A89BC}"
EndProject
Project("{FAE04EC0-301F-11D3-BF4B-00C04F79EFBC}") = "namasdev.Apps.Web.Portal", "namasdev.Apps.Web.Portal\namasdev.Apps.Web.Portal.csproj", "{A9FC4B5C-079C-453D-8072-09383FC7E37D}"
EndProject
Global
	GlobalSection(SolutionConfigurationPlatforms) = preSolution
		Debug|Any CPU = Debug|Any CPU
		Release|Any CPU = Release|Any CPU
	EndGlobalSection
	GlobalSection(ProjectConfigurationPlatforms) = postSolution
		{5CF50807-8AF8-47C7-8AC6-2F104B2476A0}.Debug|Any CPU.ActiveCfg = Debug|Any CPU
		{5CF50807-8AF8-47C7-8AC6-2F104B2476A0}.Debug|Any CPU.Build.0 = Debug|Any CPU
		{5CF50807-8AF8-47C7-8AC6-2F104B2476A0}.Debug|Any CPU.Deploy.0 = Debug|Any CPU
		{5CF50807-8AF8-47C7-8AC6-2F104B2476A0}.Release|Any CPU.ActiveCfg = Release|Any CPU
		{5CF50807-8AF8-47C7-8AC6-2F104B2476A0}.Release|Any CPU.Build.0 = Release|Any CPU
		{5CF50807-8AF8-47C7-8AC6-2F104B2476A0}.Release|Any CPU.Deploy.0 = Release|Any CPU
		{ADA0F135-ED63-47AC-934A-87B430EFD1E7}.Debug|Any CPU.ActiveCfg = Debug|Any CPU
		{ADA0F135-ED63-47AC-934A-87B430EFD1E7}.Debug|Any CPU.Build.0 = Debug|Any CPU
		{ADA0F135-ED63-47AC-934A-87B430EFD1E7}.Release|Any CPU.ActiveCfg = Release|Any CPU
		{ADA0F135-ED63-47AC-934A-87B430EFD1E7}.Release|Any CPU.Build.0 = Release|Any CPU
		{6D4A80D7-7066-4545-8969-1DB7ED82A199}.Debug|Any CPU.ActiveCfg = Debug|Any CPU
		{6D4A80D7-7066-4545-8969-1DB7ED82A199}.Debug|Any CPU.Build.0 = Debug|Any CPU
		{6D4A80D7-7066-4545-8969-1DB7ED82A199}.Release|Any CPU.ActiveCfg = Release|Any CPU
		{6D4A80D7-7066-4545-8969-1DB7ED82A199}.Release|Any CPU.Build.0 = Release|Any CPU
		{BC06215F-AF55-4FD9-A3CC-FAC90E9A89BC}.Debug|Any CPU.ActiveCfg = Debug|Any CPU
		{BC06215F-AF55-4FD9-A3CC-FAC90E9A89BC}.Debug|Any CPU.Build.0 = Debug|Any CPU
		{BC06215F-AF55-4FD9-A3CC-FAC90E9A89BC}.Release|Any CPU.ActiveCfg = Release|Any CPU
		{BC06215F-AF55-4FD9-A3CC-FAC90E9A89BC}.Release|Any CPU.Build.0 = Release|Any CPU
		{A9FC4B5C-079C-453D-8072-09383FC7E37D}.Debug|Any CPU.ActiveCfg = Debug|Any CPU
		{A9FC4B5C-079C-453D-8072-09383FC7E37D}.Debug|Any CPU.Build.0 = Debug|Any CPU
		{A9FC4B5C-079C-453D-8072-09383FC7E37D}.Release|Any CPU.ActiveCfg = Release|Any CPU
		{A9FC4B5C-079C-453D-8072-09383FC7E37D}.Release|Any CPU.Build.0 = Release|Any CPU
	EndGlobalSection
	GlobalSection(SolutionProperties) = preSolution
		HideSolutionNode = FALSE
	EndGlobalSection
	GlobalSection(ExtensibilityGlobals) = postSolution
		SolutionGuid = {A9AE24D7-196A-4D02-A488-F1DE84129276}
	EndGlobalSection
EndGlobal
